
Microsoft Visual Studio Solution File, Format Version 12.00
# Visual Studio Version 17
VisualStudioVersion = 17.0.31903.59
MinimumVisualStudioVersion = 10.0.40219.1
Project("{2150E333-8FDC-42A3-9474-1A3956D46DE8}") = "src", "src", "{F9F91538-0317-447D-B603-10C3E3CC8B5B}"
EndProject
Project("{FAE04EC0-301F-11D3-BF4B-00C04F79EFBC}") = "CalculadoraHerreria", "src\CalculadoraHerreria\CalculadoraHerreria.csproj", "{3644FE29-6CAF-4B87-BBA1-0388BA14EFFA}"
EndProject
Project("{2150E333-8FDC-42A3-9474-1A3956D46DE8}") = "tests", "tests", "{91830FAD-23CF-4758-8D36-25E499F1EF5F}"
EndProject
Project("{FAE04EC0-301F-11D3-BF4B-00C04F79EFBC}") = "CalculadoraHerreria.Tests", "tests\CalculadoraHerreria.Tests\CalculadoraHerreria.Tests.csproj", "{6752A7C6-46B2-4BC9-BE84-093D6AC62886}"
EndProject
Project("{FAE04EC0-301F-11D3-BF4B-00C04F79EFBC}") = "CalculadoraHerreria.Core", "src\CalculadoraHerreria.Core\CalculadoraHerreria.Core.csproj", "{44E45113-77AD-499C-81EA-E939B300E324}"
EndProject
Global
	GlobalSection(SolutionConfigurationPlatforms) = preSolution
		Debug|Any CPU = Debug|Any CPU
		Release|Any CPU = Release|Any CPU
	EndGlobalSection
	GlobalSection(SolutionProperties) = preSolution
		HideSolutionNode = FALSE
	EndGlobalSection
	GlobalSection(ProjectConfigurationPlatforms) = postSolution
		{3644FE29-6CAF-4B87-BBA1-0388BA14EFFA}.Debug|Any CPU.ActiveCfg = Debug|Any CPU
		{3644FE29-6CAF-4B87-BBA1-0388BA14EFFA}.Debug|Any CPU.Build.0 = Debug|Any CPU
		{3644FE29-6CAF-4B87-BBA1-0388BA14EFFA}.Release|Any CPU.ActiveCfg = Release|Any CPU
		{3644FE29-6CAF-4B87-BBA1-0388BA14EFFA}.Release|Any CPU.Build.0 = Release|Any CPU
		{6752A7C6-46B2-4BC9-BE84-093D6AC62886}.Debug|Any CPU.ActiveCfg = Debug|Any CPU
		{6752A7C6-46B2-4BC9-BE84-093D6AC62886}.Debug|Any CPU.Build.0 = Debug|Any CPU
		{6752A7C6-46B2-4BC9-BE84-093D6AC62886}.Release|Any CPU.ActiveCfg = Release|Any CPU
		{6752A7C6-46B2-4BC9-BE84-093D6AC62886}.Release|Any CPU.Build.0 = Release|Any CPU
		{44E45113-77AD-499C-81EA-E939B300E324}.Debug|Any CPU.ActiveCfg = Debug|Any CPU
		{44E45113-77AD-499C-81EA-E939B300E324}.Debug|Any CPU.Build.0 = Debug|Any CPU
		{44E45113-77AD-499C-81EA-E939B300E324}.Release|Any CPU.ActiveCfg = Release|Any CPU
		{44E45113-77AD-499C-81EA-E939B300E324}.Release|Any CPU.Build.0 = Release|Any CPU
	EndGlobalSection
	GlobalSection(NestedProjects) = preSolution
		{3644FE29-6CAF-4B87-BBA1-0388BA14EFFA} = {F9F91538-0317-447D-B603-10C3E3CC8B5B}
		{6752A7C6-46B2-4BC9-BE84-093D6AC62886} = {91830FAD-23CF-4758-8D36-25E499F1EF5F}
		{44E45113-77AD-499C-81EA-E939B300E324} = {F9F91538-0317-447D-B603-10C3E3CC8B5B}
	EndGlobalSection
EndGlobal
